// !$*UTF8*$!
{
	archiveVersion = 1;
	classes = {
	};
	objectVersion = 46;
	objects = {

/* Begin PBXBuildFile section */
		64A9CB751F6F56AE00694AD6 /* bar item narrow.png in Resources */ = {isa = PBXBuildFile; fileRef = 64A9CB711F6F56AE00694AD6 /* bar item narrow.png */; };
		64A9CB761F6F56AE00694AD6 /* bar item.png in Resources */ = {isa = PBXBuildFile; fileRef = 64A9CB721F6F56AE00694AD6 /* bar item.png */; };
		64A9CB771F6F56AE00694AD6 /* sharp bar item narrow.png in Resources */ = {isa = PBXBuildFile; fileRef = 64A9CB731F6F56AE00694AD6 /* sharp bar item narrow.png */; };
		64A9CB781F6F56AE00694AD6 /* sharp bar item.png in Resources */ = {isa = PBXBuildFile; fileRef = 64A9CB741F6F56AE00694AD6 /* sharp bar item.png */; };
		D32C5D511F6989B600553FCB /* Genero.swift in Sources */ = {isa = PBXBuildFile; fileRef = D32C5D501F6989B600553FCB /* Genero.swift */; };
		D32C5D531F69A8A200553FCB /* Denuncia.swift in Sources */ = {isa = PBXBuildFile; fileRef = D32C5D521F69A8A200553FCB /* Denuncia.swift */; };
		D36E450F1F61D60E00DDD2DB /* OverlayViewController.swift in Sources */ = {isa = PBXBuildFile; fileRef = D36E450E1F61D60E00DDD2DB /* OverlayViewController.swift */; };
		D36E45111F61D73B00DDD2DB /* MessageViewController.swift in Sources */ = {isa = PBXBuildFile; fileRef = D36E45101F61D73B00DDD2DB /* MessageViewController.swift */; };
		D393D35E1F632E5C00519D34 /* TransparenciaController.swift in Sources */ = {isa = PBXBuildFile; fileRef = D393D35D1F632E5C00519D34 /* TransparenciaController.swift */; };
		D393D3601F632FF100519D34 /* NoticiasTabController.swift in Sources */ = {isa = PBXBuildFile; fileRef = D393D35F1F632FF100519D34 /* NoticiasTabController.swift */; };
		D39BC2211F6302D900C01340 /* Ciudad.swift in Sources */ = {isa = PBXBuildFile; fileRef = D39BC2201F6302D900C01340 /* Ciudad.swift */; };
		D39BC2231F630B4000C01340 /* Etnia.swift in Sources */ = {isa = PBXBuildFile; fileRef = D39BC2221F630B4000C01340 /* Etnia.swift */; };
		D39BC2251F630F2300C01340 /* EstadoCivil.swift in Sources */ = {isa = PBXBuildFile; fileRef = D39BC2241F630F2300C01340 /* EstadoCivil.swift */; };
		D39BC2271F6310AB00C01340 /* NivelEducacion.swift in Sources */ = {isa = PBXBuildFile; fileRef = D39BC2261F6310AB00C01340 /* NivelEducacion.swift */; };
		D3AE59B31F6327E900AB04D1 /* Cosas-Importantes.txt in Resources */ = {isa = PBXBuildFile; fileRef = D3AE59B21F6327E900AB04D1 /* Cosas-Importantes.txt */; };
		D3AE59B51F632E0D00AB04D1 /* SideMenu.png in Resources */ = {isa = PBXBuildFile; fileRef = D3AE59B41F632E0D00AB04D1 /* SideMenu.png */; };
		D3AE59B71F632E1F00AB04D1 /* sidemenuINTERFAZ.png in Resources */ = {isa = PBXBuildFile; fileRef = D3AE59B61F632E1F00AB04D1 /* sidemenuINTERFAZ.png */; };
		D3CCE8601F702ED800C3EB23 /* DenunciadoController.swift in Sources */ = {isa = PBXBuildFile; fileRef = D3CCE85F1F702ED800C3EB23 /* DenunciadoController.swift */; };
		D3CCE8621F70502700C3EB23 /* EvidenciaController.swift in Sources */ = {isa = PBXBuildFile; fileRef = D3CCE8611F70502700C3EB23 /* EvidenciaController.swift */; };
		D3D4E03B1F61D7E1004AEB67 /* ParticipacionController.swift in Sources */ = {isa = PBXBuildFile; fileRef = D3D4E03A1F61D7E1004AEB67 /* ParticipacionController.swift */; };
		D3D4E03D1F61D843004AEB67 /* ControlSocialController.swift in Sources */ = {isa = PBXBuildFile; fileRef = D3D4E03C1F61D843004AEB67 /* ControlSocialController.swift */; };
		D3D4E03E1F61DCB5004AEB67 /* denunciasPageViewController.swift in Sources */ = {isa = PBXBuildFile; fileRef = DBDBD6931F54CF2D00006221 /* denunciasPageViewController.swift */; };
		D3D4E03F1F61DCBA004AEB67 /* ParticipacionController.swift in Sources */ = {isa = PBXBuildFile; fileRef = D3D4E03A1F61D7E1004AEB67 /* ParticipacionController.swift */; };
		D3D4E0411F61DDE1004AEB67 /* subMenuViewController.swift in Sources */ = {isa = PBXBuildFile; fileRef = DB5893271F6081FD007E4726 /* subMenuViewController.swift */; };
		DB0053781F4F75CE00664030 /* AppDelegate.swift in Sources */ = {isa = PBXBuildFile; fileRef = DB0053771F4F75CE00664030 /* AppDelegate.swift */; };
		DB00537A1F4F75CE00664030 /* ViewController.swift in Sources */ = {isa = PBXBuildFile; fileRef = DB0053791F4F75CE00664030 /* ViewController.swift */; };
		DB00537D1F4F75CE00664030 /* Main.storyboard in Resources */ = {isa = PBXBuildFile; fileRef = DB00537B1F4F75CE00664030 /* Main.storyboard */; };
		DB00537F1F4F75CE00664030 /* Images.xcassets in Resources */ = {isa = PBXBuildFile; fileRef = DB00537E1F4F75CE00664030 /* Images.xcassets */; };
		DB0053821F4F75CE00664030 /* LaunchScreen.xib in Resources */ = {isa = PBXBuildFile; fileRef = DB0053801F4F75CE00664030 /* LaunchScreen.xib */; };
		DB00538E1F4F75CE00664030 /* appCpccsTests.swift in Sources */ = {isa = PBXBuildFile; fileRef = DB00538D1F4F75CE00664030 /* appCpccsTests.swift */; };
		DB0D923B1F618BE900AF626B /* DenunciasController.swift in Sources */ = {isa = PBXBuildFile; fileRef = DB0D923A1F618BE900AF626B /* DenunciasController.swift */; };
		DB0D926D1F61B21100AF626B /* Provincia.swift in Sources */ = {isa = PBXBuildFile; fileRef = DB0D926C1F61B21100AF626B /* Provincia.swift */; };
		DB0D92701F61B43900AF626B /* ConexionWS.swift in Sources */ = {isa = PBXBuildFile; fileRef = DB0D926F1F61B43900AF626B /* ConexionWS.swift */; };
		DB29FB551F5DE5310022FC70 /* FacebookController.swift in Sources */ = {isa = PBXBuildFile; fileRef = DB29FB541F5DE5310022FC70 /* FacebookController.swift */; };
		DB29FB571F5DE7400022FC70 /* TwitterController.swift in Sources */ = {isa = PBXBuildFile; fileRef = DB29FB561F5DE7400022FC70 /* TwitterController.swift */; };
		DB29FB591F5DE7730022FC70 /* YoutubeController.swift in Sources */ = {isa = PBXBuildFile; fileRef = DB29FB581F5DE7730022FC70 /* YoutubeController.swift */; };
		DB491DEC1F58ACC600B26BF9 /* barraIconos.png in Resources */ = {isa = PBXBuildFile; fileRef = DB491DDC1F58ACC600B26BF9 /* barraIconos.png */; };
		DB491DED1F58ACC600B26BF9 /* barraIconosGris.png in Resources */ = {isa = PBXBuildFile; fileRef = DB491DDD1F58ACC600B26BF9 /* barraIconosGris.png */; };
		DB491DEE1F58ACC600B26BF9 /* barraRedesSociales.png in Resources */ = {isa = PBXBuildFile; fileRef = DB491DDE1F58ACC600B26BF9 /* barraRedesSociales.png */; };
		DB491DEF1F58ACC600B26BF9 /* controlSocial.png in Resources */ = {isa = PBXBuildFile; fileRef = DB491DDF1F58ACC600B26BF9 /* controlSocial.png */; };
		DB491DF01F58ACC600B26BF9 /* controlSocialGris.png in Resources */ = {isa = PBXBuildFile; fileRef = DB491DE01F58ACC600B26BF9 /* controlSocialGris.png */; };
		DB491DF11F58ACC600B26BF9 /* facebook.png in Resources */ = {isa = PBXBuildFile; fileRef = DB491DE11F58ACC600B26BF9 /* facebook.png */; };
		DB491DF21F58ACC600B26BF9 /* fotoMenu.png in Resources */ = {isa = PBXBuildFile; fileRef = DB491DE21F58ACC600B26BF9 /* fotoMenu.png */; };
		DB491DF31F58ACC600B26BF9 /* fotoTopMenu.png in Resources */ = {isa = PBXBuildFile; fileRef = DB491DE31F58ACC600B26BF9 /* fotoTopMenu.png */; };
		DB491DF41F58ACC600B26BF9 /* luchaContraC.png in Resources */ = {isa = PBXBuildFile; fileRef = DB491DE41F58ACC600B26BF9 /* luchaContraC.png */; };
		DB491DF51F58ACC600B26BF9 /* luchaContraCGris.png in Resources */ = {isa = PBXBuildFile; fileRef = DB491DE51F58ACC600B26BF9 /* luchaContraCGris.png */; };
		DB491DF61F58ACC600B26BF9 /* participacionGris.png in Resources */ = {isa = PBXBuildFile; fileRef = DB491DE61F58ACC600B26BF9 /* participacionGris.png */; };
		DB491DF71F58ACC600B26BF9 /* particpacion.png in Resources */ = {isa = PBXBuildFile; fileRef = DB491DE71F58ACC600B26BF9 /* particpacion.png */; };
		DB491DF81F58ACC600B26BF9 /* transparencia.png in Resources */ = {isa = PBXBuildFile; fileRef = DB491DE81F58ACC600B26BF9 /* transparencia.png */; };
		DB491DF91F58ACC600B26BF9 /* transparenciaGris.png in Resources */ = {isa = PBXBuildFile; fileRef = DB491DE91F58ACC600B26BF9 /* transparenciaGris.png */; };
		DB491DFA1F58ACC600B26BF9 /* twitter.png in Resources */ = {isa = PBXBuildFile; fileRef = DB491DEA1F58ACC600B26BF9 /* twitter.png */; };
		DB491DFB1F58ACC600B26BF9 /* youtube.png in Resources */ = {isa = PBXBuildFile; fileRef = DB491DEB1F58ACC600B26BF9 /* youtube.png */; };
		DB491E021F58AF7600B26BF9 /* Recurso 16.svg in Resources */ = {isa = PBXBuildFile; fileRef = DB491DFD1F58AF7600B26BF9 /* Recurso 16.svg */; };
		DB491E031F58AF7600B26BF9 /* Recurso 17.svg in Resources */ = {isa = PBXBuildFile; fileRef = DB491DFE1F58AF7600B26BF9 /* Recurso 17.svg */; };
		DB491E041F58AF7600B26BF9 /* Recurso 18.svg in Resources */ = {isa = PBXBuildFile; fileRef = DB491DFF1F58AF7600B26BF9 /* Recurso 18.svg */; };
		DB491E051F58AF7600B26BF9 /* Recurso 19.svg in Resources */ = {isa = PBXBuildFile; fileRef = DB491E001F58AF7600B26BF9 /* Recurso 19.svg */; };
		DB491E061F58AF7600B26BF9 /* Recurso 20.svg in Resources */ = {isa = PBXBuildFile; fileRef = DB491E011F58AF7600B26BF9 /* Recurso 20.svg */; };
		DB5706AF1F54CC7A00BFAF3F /* logo.png in Resources */ = {isa = PBXBuildFile; fileRef = DB5706AE1F54CC7A00BFAF3F /* logo.png */; };
		DB58932A1F608AAA007E4726 /* menuViewController.swift in Sources */ = {isa = PBXBuildFile; fileRef = DB5893291F608AAA007E4726 /* menuViewController.swift */; };
		DBDBD6921F54B2C800006221 /* noticiasController.swift in Sources */ = {isa = PBXBuildFile; fileRef = DBDBD6911F54B2C800006221 /* noticiasController.swift */; };
		DBDBD6941F54CF2D00006221 /* denunciasPageViewController.swift in Sources */ = {isa = PBXBuildFile; fileRef = DBDBD6931F54CF2D00006221 /* denunciasPageViewController.swift */; };
		DBEEF5131F50B9EC003409AE /* cabecera.jpg in Resources */ = {isa = PBXBuildFile; fileRef = DBEEF5031F50B9EC003409AE /* cabecera.jpg */; };
		DBEEF5141F50B9EC003409AE /* control_social.png in Resources */ = {isa = PBXBuildFile; fileRef = DBEEF5041F50B9EC003409AE /* control_social.png */; };
		DBEEF5151F50B9EC003409AE /* denuncias.png in Resources */ = {isa = PBXBuildFile; fileRef = DBEEF5051F50B9EC003409AE /* denuncias.png */; };
		DBEEF5171F50B9EC003409AE /* fondo.png in Resources */ = {isa = PBXBuildFile; fileRef = DBEEF5071F50B9EC003409AE /* fondo.png */; };
		DBEEF5181F50B9EC003409AE /* fondo2.png in Resources */ = {isa = PBXBuildFile; fileRef = DBEEF5081F50B9EC003409AE /* fondo2.png */; };
		DBEEF5191F50B9EC003409AE /* footer.jpg in Resources */ = {isa = PBXBuildFile; fileRef = DBEEF5091F50B9EC003409AE /* footer.jpg */; };
		DBEEF51A1F50B9EC003409AE /* freepik.jpg in Resources */ = {isa = PBXBuildFile; fileRef = DBEEF50A1F50B9EC003409AE /* freepik.jpg */; };
		DBEEF51B1F50B9EC003409AE /* logo_youtube.png in Resources */ = {isa = PBXBuildFile; fileRef = DBEEF50B1F50B9EC003409AE /* logo_youtube.png */; };
		DBEEF51C1F50B9EC003409AE /* lucha_anti_corrupcion.png in Resources */ = {isa = PBXBuildFile; fileRef = DBEEF50C1F50B9EC003409AE /* lucha_anti_corrupcion.png */; };
		DBEEF51D1F50B9EC003409AE /* marker_logo.png in Resources */ = {isa = PBXBuildFile; fileRef = DBEEF50D1F50B9EC003409AE /* marker_logo.png */; };
		DBEEF51E1F50B9EC003409AE /* participacion_ciudadana.png in Resources */ = {isa = PBXBuildFile; fileRef = DBEEF50E1F50B9EC003409AE /* participacion_ciudadana.png */; };
		DBEEF51F1F50B9EC003409AE /* preguntasfrecuentes.png in Resources */ = {isa = PBXBuildFile; fileRef = DBEEF50F1F50B9EC003409AE /* preguntasfrecuentes.png */; };
		DBEEF5201F50B9EC003409AE /* transparencia.png in Resources */ = {isa = PBXBuildFile; fileRef = DBEEF5101F50B9EC003409AE /* transparencia.png */; };
		DBEEF5211F50B9EC003409AE /* twitter_logo.png in Resources */ = {isa = PBXBuildFile; fileRef = DBEEF5111F50B9EC003409AE /* twitter_logo.png */; };
		DBEEF5221F50B9EC003409AE /* ubicacion_provincias.png in Resources */ = {isa = PBXBuildFile; fileRef = DBEEF5121F50B9EC003409AE /* ubicacion_provincias.png */; };
		DBEEF5241F50CF02003409AE /* noticias2.png in Resources */ = {isa = PBXBuildFile; fileRef = DBEEF5231F50CF02003409AE /* noticias2.png */; };
/* End PBXBuildFile section */

/* Begin PBXContainerItemProxy section */
		DB0053881F4F75CE00664030 /* PBXContainerItemProxy */ = {
			isa = PBXContainerItemProxy;
			containerPortal = DB00536A1F4F75CE00664030 /* Project object */;
			proxyType = 1;
			remoteGlobalIDString = DB0053711F4F75CE00664030;
			remoteInfo = appCpccs;
		};
/* End PBXContainerItemProxy section */

/* Begin PBXFileReference section */
		64A9CB711F6F56AE00694AD6 /* bar item narrow.png */ = {isa = PBXFileReference; lastKnownFileType = image.png; name = "bar item narrow.png"; path = "appCpccs/_images/bar item narrow.png"; sourceTree = SOURCE_ROOT; };
		64A9CB721F6F56AE00694AD6 /* bar item.png */ = {isa = PBXFileReference; lastKnownFileType = image.png; name = "bar item.png"; path = "appCpccs/_images/bar item.png"; sourceTree = SOURCE_ROOT; };
		64A9CB731F6F56AE00694AD6 /* sharp bar item narrow.png */ = {isa = PBXFileReference; lastKnownFileType = image.png; name = "sharp bar item narrow.png"; path = "appCpccs/_images/sharp bar item narrow.png"; sourceTree = SOURCE_ROOT; };
		64A9CB741F6F56AE00694AD6 /* sharp bar item.png */ = {isa = PBXFileReference; lastKnownFileType = image.png; name = "sharp bar item.png"; path = "appCpccs/_images/sharp bar item.png"; sourceTree = SOURCE_ROOT; };
		D32C5D501F6989B600553FCB /* Genero.swift */ = {isa = PBXFileReference; fileEncoding = 4; lastKnownFileType = sourcecode.swift; path = Genero.swift; sourceTree = "<group>"; };
		D32C5D521F69A8A200553FCB /* Denuncia.swift */ = {isa = PBXFileReference; fileEncoding = 4; lastKnownFileType = sourcecode.swift; path = Denuncia.swift; sourceTree = "<group>"; };
		D36E450E1F61D60E00DDD2DB /* OverlayViewController.swift */ = {isa = PBXFileReference; fileEncoding = 4; lastKnownFileType = sourcecode.swift; path = OverlayViewController.swift; sourceTree = "<group>"; };
		D36E45101F61D73B00DDD2DB /* MessageViewController.swift */ = {isa = PBXFileReference; fileEncoding = 4; lastKnownFileType = sourcecode.swift; path = MessageViewController.swift; sourceTree = "<group>"; };
		D393D35D1F632E5C00519D34 /* TransparenciaController.swift */ = {isa = PBXFileReference; fileEncoding = 4; lastKnownFileType = sourcecode.swift; path = TransparenciaController.swift; sourceTree = "<group>"; };
		D393D35F1F632FF100519D34 /* NoticiasTabController.swift */ = {isa = PBXFileReference; fileEncoding = 4; lastKnownFileType = sourcecode.swift; path = NoticiasTabController.swift; sourceTree = "<group>"; };
		D39BC2201F6302D900C01340 /* Ciudad.swift */ = {isa = PBXFileReference; fileEncoding = 4; lastKnownFileType = sourcecode.swift; path = Ciudad.swift; sourceTree = "<group>"; };
		D39BC2221F630B4000C01340 /* Etnia.swift */ = {isa = PBXFileReference; fileEncoding = 4; lastKnownFileType = sourcecode.swift; path = Etnia.swift; sourceTree = "<group>"; };
		D39BC2241F630F2300C01340 /* EstadoCivil.swift */ = {isa = PBXFileReference; fileEncoding = 4; lastKnownFileType = sourcecode.swift; path = EstadoCivil.swift; sourceTree = "<group>"; };
		D39BC2261F6310AB00C01340 /* NivelEducacion.swift */ = {isa = PBXFileReference; fileEncoding = 4; lastKnownFileType = sourcecode.swift; path = NivelEducacion.swift; sourceTree = "<group>"; };
		D3AE59B21F6327E900AB04D1 /* Cosas-Importantes.txt */ = {isa = PBXFileReference; fileEncoding = 4; lastKnownFileType = text; path = "Cosas-Importantes.txt"; sourceTree = "<group>"; };
		D3AE59B41F632E0D00AB04D1 /* SideMenu.png */ = {isa = PBXFileReference; lastKnownFileType = image.png; name = SideMenu.png; path = appCpccs/_images/SideMenu.png; sourceTree = SOURCE_ROOT; };
		D3AE59B61F632E1F00AB04D1 /* sidemenuINTERFAZ.png */ = {isa = PBXFileReference; lastKnownFileType = image.png; path = sidemenuINTERFAZ.png; sourceTree = "<group>"; };
		D3CCE85F1F702ED800C3EB23 /* DenunciadoController.swift */ = {isa = PBXFileReference; fileEncoding = 4; lastKnownFileType = sourcecode.swift; path = DenunciadoController.swift; sourceTree = "<group>"; };
		D3CCE8611F70502700C3EB23 /* EvidenciaController.swift */ = {isa = PBXFileReference; fileEncoding = 4; lastKnownFileType = sourcecode.swift; path = EvidenciaController.swift; sourceTree = "<group>"; };
		D3D4E03A1F61D7E1004AEB67 /* ParticipacionController.swift */ = {isa = PBXFileReference; fileEncoding = 4; lastKnownFileType = sourcecode.swift; path = ParticipacionController.swift; sourceTree = "<group>"; };
		D3D4E03C1F61D843004AEB67 /* ControlSocialController.swift */ = {isa = PBXFileReference; fileEncoding = 4; lastKnownFileType = sourcecode.swift; path = ControlSocialController.swift; sourceTree = "<group>"; };
		DB0053721F4F75CE00664030 /* appCpccs.app */ = {isa = PBXFileReference; explicitFileType = wrapper.application; includeInIndex = 0; path = appCpccs.app; sourceTree = BUILT_PRODUCTS_DIR; };
		DB0053761F4F75CE00664030 /* Info.plist */ = {isa = PBXFileReference; lastKnownFileType = text.plist.xml; path = Info.plist; sourceTree = "<group>"; };
		DB0053771F4F75CE00664030 /* AppDelegate.swift */ = {isa = PBXFileReference; lastKnownFileType = sourcecode.swift; path = AppDelegate.swift; sourceTree = "<group>"; };
		DB0053791F4F75CE00664030 /* ViewController.swift */ = {isa = PBXFileReference; lastKnownFileType = sourcecode.swift; path = ViewController.swift; sourceTree = "<group>"; };
		DB00537C1F4F75CE00664030 /* Base */ = {isa = PBXFileReference; lastKnownFileType = file.storyboard; name = Base; path = Base.lproj/Main.storyboard; sourceTree = "<group>"; };
		DB00537E1F4F75CE00664030 /* Images.xcassets */ = {isa = PBXFileReference; lastKnownFileType = folder.assetcatalog; path = Images.xcassets; sourceTree = "<group>"; };
		DB0053811F4F75CE00664030 /* Base */ = {isa = PBXFileReference; lastKnownFileType = file.xib; name = Base; path = Base.lproj/LaunchScreen.xib; sourceTree = "<group>"; };
		DB0053871F4F75CE00664030 /* appCpccsTests.xctest */ = {isa = PBXFileReference; explicitFileType = wrapper.cfbundle; includeInIndex = 0; path = appCpccsTests.xctest; sourceTree = BUILT_PRODUCTS_DIR; };
		DB00538C1F4F75CE00664030 /* Info.plist */ = {isa = PBXFileReference; lastKnownFileType = text.plist.xml; path = Info.plist; sourceTree = "<group>"; };
		DB00538D1F4F75CE00664030 /* appCpccsTests.swift */ = {isa = PBXFileReference; lastKnownFileType = sourcecode.swift; path = appCpccsTests.swift; sourceTree = "<group>"; };
		DB0D923A1F618BE900AF626B /* DenunciasController.swift */ = {isa = PBXFileReference; fileEncoding = 4; lastKnownFileType = sourcecode.swift; path = DenunciasController.swift; sourceTree = "<group>"; };
		DB0D926C1F61B21100AF626B /* Provincia.swift */ = {isa = PBXFileReference; fileEncoding = 4; lastKnownFileType = sourcecode.swift; name = Provincia.swift; path = ../../Provincia.swift; sourceTree = "<group>"; };
		DB0D926F1F61B43900AF626B /* ConexionWS.swift */ = {isa = PBXFileReference; fileEncoding = 4; lastKnownFileType = sourcecode.swift; path = ConexionWS.swift; sourceTree = "<group>"; };
		DB29FB541F5DE5310022FC70 /* FacebookController.swift */ = {isa = PBXFileReference; fileEncoding = 4; lastKnownFileType = sourcecode.swift; path = FacebookController.swift; sourceTree = "<group>"; };
		DB29FB561F5DE7400022FC70 /* TwitterController.swift */ = {isa = PBXFileReference; fileEncoding = 4; lastKnownFileType = sourcecode.swift; path = TwitterController.swift; sourceTree = "<group>"; };
		DB29FB581F5DE7730022FC70 /* YoutubeController.swift */ = {isa = PBXFileReference; fileEncoding = 4; lastKnownFileType = sourcecode.swift; path = YoutubeController.swift; sourceTree = "<group>"; };
		DB491DDC1F58ACC600B26BF9 /* barraIconos.png */ = {isa = PBXFileReference; lastKnownFileType = image.png; path = barraIconos.png; sourceTree = "<group>"; };
		DB491DDD1F58ACC600B26BF9 /* barraIconosGris.png */ = {isa = PBXFileReference; lastKnownFileType = image.png; path = barraIconosGris.png; sourceTree = "<group>"; };
		DB491DDE1F58ACC600B26BF9 /* barraRedesSociales.png */ = {isa = PBXFileReference; lastKnownFileType = image.png; path = barraRedesSociales.png; sourceTree = "<group>"; };
		DB491DDF1F58ACC600B26BF9 /* controlSocial.png */ = {isa = PBXFileReference; lastKnownFileType = image.png; path = controlSocial.png; sourceTree = "<group>"; };
		DB491DE01F58ACC600B26BF9 /* controlSocialGris.png */ = {isa = PBXFileReference; lastKnownFileType = image.png; path = controlSocialGris.png; sourceTree = "<group>"; };
		DB491DE11F58ACC600B26BF9 /* facebook.png */ = {isa = PBXFileReference; lastKnownFileType = image.png; path = facebook.png; sourceTree = "<group>"; };
		DB491DE21F58ACC600B26BF9 /* fotoMenu.png */ = {isa = PBXFileReference; lastKnownFileType = image.png; path = fotoMenu.png; sourceTree = "<group>"; };
		DB491DE31F58ACC600B26BF9 /* fotoTopMenu.png */ = {isa = PBXFileReference; lastKnownFileType = image.png; path = fotoTopMenu.png; sourceTree = "<group>"; };
		DB491DE41F58ACC600B26BF9 /* luchaContraC.png */ = {isa = PBXFileReference; lastKnownFileType = image.png; path = luchaContraC.png; sourceTree = "<group>"; };
		DB491DE51F58ACC600B26BF9 /* luchaContraCGris.png */ = {isa = PBXFileReference; lastKnownFileType = image.png; path = luchaContraCGris.png; sourceTree = "<group>"; };
		DB491DE61F58ACC600B26BF9 /* participacionGris.png */ = {isa = PBXFileReference; lastKnownFileType = image.png; path = participacionGris.png; sourceTree = "<group>"; };
		DB491DE71F58ACC600B26BF9 /* particpacion.png */ = {isa = PBXFileReference; lastKnownFileType = image.png; path = particpacion.png; sourceTree = "<group>"; };
		DB491DE81F58ACC600B26BF9 /* transparencia.png */ = {isa = PBXFileReference; lastKnownFileType = image.png; path = transparencia.png; sourceTree = "<group>"; };
		DB491DE91F58ACC600B26BF9 /* transparenciaGris.png */ = {isa = PBXFileReference; lastKnownFileType = image.png; path = transparenciaGris.png; sourceTree = "<group>"; };
		DB491DEA1F58ACC600B26BF9 /* twitter.png */ = {isa = PBXFileReference; lastKnownFileType = image.png; path = twitter.png; sourceTree = "<group>"; };
		DB491DEB1F58ACC600B26BF9 /* youtube.png */ = {isa = PBXFileReference; lastKnownFileType = image.png; path = youtube.png; sourceTree = "<group>"; };
		DB491DFD1F58AF7600B26BF9 /* Recurso 16.svg */ = {isa = PBXFileReference; fileEncoding = 4; lastKnownFileType = text; path = "Recurso 16.svg"; sourceTree = "<group>"; };
		DB491DFE1F58AF7600B26BF9 /* Recurso 17.svg */ = {isa = PBXFileReference; fileEncoding = 4; lastKnownFileType = text; path = "Recurso 17.svg"; sourceTree = "<group>"; };
		DB491DFF1F58AF7600B26BF9 /* Recurso 18.svg */ = {isa = PBXFileReference; fileEncoding = 4; lastKnownFileType = text; path = "Recurso 18.svg"; sourceTree = "<group>"; };
		DB491E001F58AF7600B26BF9 /* Recurso 19.svg */ = {isa = PBXFileReference; fileEncoding = 4; lastKnownFileType = text; path = "Recurso 19.svg"; sourceTree = "<group>"; };
		DB491E011F58AF7600B26BF9 /* Recurso 20.svg */ = {isa = PBXFileReference; fileEncoding = 4; lastKnownFileType = text; path = "Recurso 20.svg"; sourceTree = "<group>"; };
		DB5706AE1F54CC7A00BFAF3F /* logo.png */ = {isa = PBXFileReference; lastKnownFileType = image.png; path = logo.png; sourceTree = "<group>"; };
		DB5893271F6081FD007E4726 /* subMenuViewController.swift */ = {isa = PBXFileReference; fileEncoding = 4; lastKnownFileType = sourcecode.swift; path = subMenuViewController.swift; sourceTree = "<group>"; };
		DB5893291F608AAA007E4726 /* menuViewController.swift */ = {isa = PBXFileReference; fileEncoding = 4; lastKnownFileType = sourcecode.swift; path = menuViewController.swift; sourceTree = "<group>"; };
		DBDBD6911F54B2C800006221 /* noticiasController.swift */ = {isa = PBXFileReference; fileEncoding = 4; lastKnownFileType = sourcecode.swift; path = noticiasController.swift; sourceTree = "<group>"; };
		DBDBD6931F54CF2D00006221 /* denunciasPageViewController.swift */ = {isa = PBXFileReference; fileEncoding = 4; lastKnownFileType = sourcecode.swift; path = denunciasPageViewController.swift; sourceTree = "<group>"; };
		DBEEF5031F50B9EC003409AE /* cabecera.jpg */ = {isa = PBXFileReference; lastKnownFileType = image.jpeg; path = cabecera.jpg; sourceTree = "<group>"; };
		DBEEF5041F50B9EC003409AE /* control_social.png */ = {isa = PBXFileReference; lastKnownFileType = image.png; path = control_social.png; sourceTree = "<group>"; };
		DBEEF5051F50B9EC003409AE /* denuncias.png */ = {isa = PBXFileReference; lastKnownFileType = image.png; path = denuncias.png; sourceTree = "<group>"; };
		DBEEF5071F50B9EC003409AE /* fondo.png */ = {isa = PBXFileReference; lastKnownFileType = image.png; path = fondo.png; sourceTree = "<group>"; };
		DBEEF5081F50B9EC003409AE /* fondo2.png */ = {isa = PBXFileReference; lastKnownFileType = image.png; path = fondo2.png; sourceTree = "<group>"; };
		DBEEF5091F50B9EC003409AE /* footer.jpg */ = {isa = PBXFileReference; lastKnownFileType = image.jpeg; path = footer.jpg; sourceTree = "<group>"; };
		DBEEF50A1F50B9EC003409AE /* freepik.jpg */ = {isa = PBXFileReference; lastKnownFileType = image.jpeg; path = freepik.jpg; sourceTree = "<group>"; };
		DBEEF50B1F50B9EC003409AE /* logo_youtube.png */ = {isa = PBXFileReference; lastKnownFileType = image.png; path = logo_youtube.png; sourceTree = "<group>"; };
		DBEEF50C1F50B9EC003409AE /* lucha_anti_corrupcion.png */ = {isa = PBXFileReference; lastKnownFileType = image.png; path = lucha_anti_corrupcion.png; sourceTree = "<group>"; };
		DBEEF50D1F50B9EC003409AE /* marker_logo.png */ = {isa = PBXFileReference; lastKnownFileType = image.png; path = marker_logo.png; sourceTree = "<group>"; };
		DBEEF50E1F50B9EC003409AE /* participacion_ciudadana.png */ = {isa = PBXFileReference; lastKnownFileType = image.png; path = participacion_ciudadana.png; sourceTree = "<group>"; };
		DBEEF50F1F50B9EC003409AE /* preguntasfrecuentes.png */ = {isa = PBXFileReference; lastKnownFileType = image.png; path = preguntasfrecuentes.png; sourceTree = "<group>"; };
		DBEEF5101F50B9EC003409AE /* transparencia.png */ = {isa = PBXFileReference; lastKnownFileType = image.png; path = transparencia.png; sourceTree = "<group>"; };
		DBEEF5111F50B9EC003409AE /* twitter_logo.png */ = {isa = PBXFileReference; lastKnownFileType = image.png; path = twitter_logo.png; sourceTree = "<group>"; };
		DBEEF5121F50B9EC003409AE /* ubicacion_provincias.png */ = {isa = PBXFileReference; lastKnownFileType = image.png; path = ubicacion_provincias.png; sourceTree = "<group>"; };
		DBEEF5231F50CF02003409AE /* noticias2.png */ = {isa = PBXFileReference; lastKnownFileType = image.png; path = noticias2.png; sourceTree = "<group>"; };
/* End PBXFileReference section */

/* Begin PBXFrameworksBuildPhase section */
		DB00536F1F4F75CE00664030 /* Frameworks */ = {
			isa = PBXFrameworksBuildPhase;
			buildActionMask = 2147483647;
			files = (
			);
			runOnlyForDeploymentPostprocessing = 0;
		};
		DB0053841F4F75CE00664030 /* Frameworks */ = {
			isa = PBXFrameworksBuildPhase;
			buildActionMask = 2147483647;
			files = (
			);
			runOnlyForDeploymentPostprocessing = 0;
		};
/* End PBXFrameworksBuildPhase section */

/* Begin PBXGroup section */
		DB0053691F4F75CE00664030 = {
			isa = PBXGroup;
			children = (
				D3CCE8611F70502700C3EB23 /* EvidenciaController.swift */,
				DB0D923A1F618BE900AF626B /* DenunciasController.swift */,
				D3CCE85F1F702ED800C3EB23 /* DenunciadoController.swift */,
				DB0053741F4F75CE00664030 /* appCpccs */,
				DB00538A1F4F75CE00664030 /* appCpccsTests */,
				DB0053731F4F75CE00664030 /* Products */,
			);
			sourceTree = "<group>";
		};
		DB0053731F4F75CE00664030 /* Products */ = {
			isa = PBXGroup;
			children = (
				DB0053721F4F75CE00664030 /* appCpccs.app */,
				DB0053871F4F75CE00664030 /* appCpccsTests.xctest */,
			);
			name = Products;
			sourceTree = "<group>";
		};
		DB0053741F4F75CE00664030 /* appCpccs */ = {
			isa = PBXGroup;
			children = (
				DB0D926E1F61B23F00AF626B /* Clases */,
				DB491DFC1F58AF7600B26BF9 /* Archivo Interfaz */,
				DB491DDB1F58ACC600B26BF9 /* _iconos */,
				DBEEF5021F50B9EC003409AE /* _images */,
				DB0053771F4F75CE00664030 /* AppDelegate.swift */,
				DB0053791F4F75CE00664030 /* ViewController.swift */,
				DB00537B1F4F75CE00664030 /* Main.storyboard */,
				DB00537E1F4F75CE00664030 /* Images.xcassets */,
				DB0053801F4F75CE00664030 /* LaunchScreen.xib */,
				DB0053751F4F75CE00664030 /* Supporting Files */,
				DBDBD6911F54B2C800006221 /* noticiasController.swift */,
				DBDBD6931F54CF2D00006221 /* denunciasPageViewController.swift */,
				DB29FB541F5DE5310022FC70 /* FacebookController.swift */,
				DB29FB561F5DE7400022FC70 /* TwitterController.swift */,
				DB29FB581F5DE7730022FC70 /* YoutubeController.swift */,
				DB5893271F6081FD007E4726 /* subMenuViewController.swift */,
				DB5893291F608AAA007E4726 /* menuViewController.swift */,
				D3D4E03A1F61D7E1004AEB67 /* ParticipacionController.swift */,
				D3D4E03C1F61D843004AEB67 /* ControlSocialController.swift */,
				D36E450E1F61D60E00DDD2DB /* OverlayViewController.swift */,
				D36E45101F61D73B00DDD2DB /* MessageViewController.swift */,
				D3AE59B21F6327E900AB04D1 /* Cosas-Importantes.txt */,
				D393D35D1F632E5C00519D34 /* TransparenciaController.swift */,
				D393D35F1F632FF100519D34 /* NoticiasTabController.swift */,
			);
			path = appCpccs;
			sourceTree = "<group>";
		};
		DB0053751F4F75CE00664030 /* Supporting Files */ = {
			isa = PBXGroup;
			children = (
				DB0053761F4F75CE00664030 /* Info.plist */,
			);
			name = "Supporting Files";
			sourceTree = "<group>";
		};
		DB00538A1F4F75CE00664030 /* appCpccsTests */ = {
			isa = PBXGroup;
			children = (
				DB00538D1F4F75CE00664030 /* appCpccsTests.swift */,
				DB00538B1F4F75CE00664030 /* Supporting Files */,
			);
			path = appCpccsTests;
			sourceTree = "<group>";
		};
		DB00538B1F4F75CE00664030 /* Supporting Files */ = {
			isa = PBXGroup;
			children = (
				DB00538C1F4F75CE00664030 /* Info.plist */,
			);
			name = "Supporting Files";
			sourceTree = "<group>";
		};
		DB0D926E1F61B23F00AF626B /* Clases */ = {
			isa = PBXGroup;
			children = (
				DB0D926C1F61B21100AF626B /* Provincia.swift */,
				DB0D926F1F61B43900AF626B /* ConexionWS.swift */,
				D39BC2201F6302D900C01340 /* Ciudad.swift */,
				D39BC2221F630B4000C01340 /* Etnia.swift */,
				D39BC2241F630F2300C01340 /* EstadoCivil.swift */,
				D39BC2261F6310AB00C01340 /* NivelEducacion.swift */,
				D32C5D501F6989B600553FCB /* Genero.swift */,
				D32C5D521F69A8A200553FCB /* Denuncia.swift */,
			);
			path = Clases;
			sourceTree = "<group>";
		};
		DB491DDB1F58ACC600B26BF9 /* _iconos */ = {
			isa = PBXGroup;
			children = (
				D3AE59B41F632E0D00AB04D1 /* SideMenu.png */,
				DB491DDC1F58ACC600B26BF9 /* barraIconos.png */,
				DB491DDD1F58ACC600B26BF9 /* barraIconosGris.png */,
				DB491DDE1F58ACC600B26BF9 /* barraRedesSociales.png */,
				DB491DDF1F58ACC600B26BF9 /* controlSocial.png */,
				DB491DE01F58ACC600B26BF9 /* controlSocialGris.png */,
				DB491DE11F58ACC600B26BF9 /* facebook.png */,
				DB491DE21F58ACC600B26BF9 /* fotoMenu.png */,
				DB491DE31F58ACC600B26BF9 /* fotoTopMenu.png */,
				DB491DE41F58ACC600B26BF9 /* luchaContraC.png */,
				DB491DE51F58ACC600B26BF9 /* luchaContraCGris.png */,
				DB491DE61F58ACC600B26BF9 /* participacionGris.png */,
				DB491DE71F58ACC600B26BF9 /* particpacion.png */,
				DB491DE81F58ACC600B26BF9 /* transparencia.png */,
				DB491DE91F58ACC600B26BF9 /* transparenciaGris.png */,
				DB491DEA1F58ACC600B26BF9 /* twitter.png */,
				DB491DEB1F58ACC600B26BF9 /* youtube.png */,
			);
			path = _iconos;
			sourceTree = "<group>";
		};
		DB491DFC1F58AF7600B26BF9 /* Archivo Interfaz */ = {
			isa = PBXGroup;
			children = (
				D3AE59B61F632E1F00AB04D1 /* sidemenuINTERFAZ.png */,
				DB491DFD1F58AF7600B26BF9 /* Recurso 16.svg */,
				DB491DFE1F58AF7600B26BF9 /* Recurso 17.svg */,
				DB491DFF1F58AF7600B26BF9 /* Recurso 18.svg */,
				DB491E001F58AF7600B26BF9 /* Recurso 19.svg */,
				DB491E011F58AF7600B26BF9 /* Recurso 20.svg */,
			);
			path = "Archivo Interfaz";
			sourceTree = "<group>";
		};
		DBEEF5021F50B9EC003409AE /* _images */ = {
			isa = PBXGroup;
			children = (
				64A9CB711F6F56AE00694AD6 /* bar item narrow.png */,
				64A9CB721F6F56AE00694AD6 /* bar item.png */,
				64A9CB731F6F56AE00694AD6 /* sharp bar item narrow.png */,
				64A9CB741F6F56AE00694AD6 /* sharp bar item.png */,
				DB5706AE1F54CC7A00BFAF3F /* logo.png */,
				DBEEF5231F50CF02003409AE /* noticias2.png */,
				DBEEF5031F50B9EC003409AE /* cabecera.jpg */,
				DBEEF5041F50B9EC003409AE /* control_social.png */,
				DBEEF5051F50B9EC003409AE /* denuncias.png */,
				DBEEF5071F50B9EC003409AE /* fondo.png */,
				DBEEF5081F50B9EC003409AE /* fondo2.png */,
				DBEEF5091F50B9EC003409AE /* footer.jpg */,
				DBEEF50A1F50B9EC003409AE /* freepik.jpg */,
				DBEEF50B1F50B9EC003409AE /* logo_youtube.png */,
				DBEEF50C1F50B9EC003409AE /* lucha_anti_corrupcion.png */,
				DBEEF50D1F50B9EC003409AE /* marker_logo.png */,
				DBEEF50E1F50B9EC003409AE /* participacion_ciudadana.png */,
				DBEEF50F1F50B9EC003409AE /* preguntasfrecuentes.png */,
				DBEEF5101F50B9EC003409AE /* transparencia.png */,
				DBEEF5111F50B9EC003409AE /* twitter_logo.png */,
				DBEEF5121F50B9EC003409AE /* ubicacion_provincias.png */,
			);
			path = _images;
			sourceTree = "<group>";
		};
/* End PBXGroup section */

/* Begin PBXNativeTarget section */
		DB0053711F4F75CE00664030 /* appCpccs */ = {
			isa = PBXNativeTarget;
			buildConfigurationList = DB0053911F4F75CE00664030 /* Build configuration list for PBXNativeTarget "appCpccs" */;
			buildPhases = (
				DB00536E1F4F75CE00664030 /* Sources */,
				DB00536F1F4F75CE00664030 /* Frameworks */,
				DB0053701F4F75CE00664030 /* Resources */,
			);
			buildRules = (
			);
			dependencies = (
			);
			name = appCpccs;
			productName = appCpccs;
			productReference = DB0053721F4F75CE00664030 /* appCpccs.app */;
			productType = "com.apple.product-type.application";
		};
		DB0053861F4F75CE00664030 /* appCpccsTests */ = {
			isa = PBXNativeTarget;
			buildConfigurationList = DB0053941F4F75CE00664030 /* Build configuration list for PBXNativeTarget "appCpccsTests" */;
			buildPhases = (
				DB0053831F4F75CE00664030 /* Sources */,
				DB0053841F4F75CE00664030 /* Frameworks */,
				DB0053851F4F75CE00664030 /* Resources */,
			);
			buildRules = (
			);
			dependencies = (
				DB0053891F4F75CE00664030 /* PBXTargetDependency */,
			);
			name = appCpccsTests;
			productName = appCpccsTests;
			productReference = DB0053871F4F75CE00664030 /* appCpccsTests.xctest */;
			productType = "com.apple.product-type.bundle.unit-test";
		};
/* End PBXNativeTarget section */

/* Begin PBXProject section */
		DB00536A1F4F75CE00664030 /* Project object */ = {
			isa = PBXProject;
			attributes = {
				LastUpgradeCheck = 0610;
				ORGANIZATIONNAME = Espol;
				TargetAttributes = {
					DB0053711F4F75CE00664030 = {
						CreatedOnToolsVersion = 6.1.1;
					};
					DB0053861F4F75CE00664030 = {
						CreatedOnToolsVersion = 6.1.1;
						TestTargetID = DB0053711F4F75CE00664030;
					};
				};
			};
			buildConfigurationList = DB00536D1F4F75CE00664030 /* Build configuration list for PBXProject "appCpccs" */;
			compatibilityVersion = "Xcode 3.2";
			developmentRegion = English;
			hasScannedForEncodings = 0;
			knownRegions = (
				en,
				Base,
			);
			mainGroup = DB0053691F4F75CE00664030;
			productRefGroup = DB0053731F4F75CE00664030 /* Products */;
			projectDirPath = "";
			projectRoot = "";
			targets = (
				DB0053711F4F75CE00664030 /* appCpccs */,
				DB0053861F4F75CE00664030 /* appCpccsTests */,
			);
		};
/* End PBXProject section */

/* Begin PBXResourcesBuildPhase section */
		DB0053701F4F75CE00664030 /* Resources */ = {
			isa = PBXResourcesBuildPhase;
			buildActionMask = 2147483647;
			files = (
				D3AE59B71F632E1F00AB04D1 /* sidemenuINTERFAZ.png in Resources */,
				DBEEF5211F50B9EC003409AE /* twitter_logo.png in Resources */,
				DB491DED1F58ACC600B26BF9 /* barraIconosGris.png in Resources */,
				64A9CB761F6F56AE00694AD6 /* bar item.png in Resources */,
				DBEEF51D1F50B9EC003409AE /* marker_logo.png in Resources */,
				DB491DF61F58ACC600B26BF9 /* participacionGris.png in Resources */,
				DB00537D1F4F75CE00664030 /* Main.storyboard in Resources */,
				64A9CB781F6F56AE00694AD6 /* sharp bar item.png in Resources */,
				DB491DF81F58ACC600B26BF9 /* transparencia.png in Resources */,
				DB491DF11F58ACC600B26BF9 /* facebook.png in Resources */,
				DBEEF51E1F50B9EC003409AE /* participacion_ciudadana.png in Resources */,
				DB491E041F58AF7600B26BF9 /* Recurso 18.svg in Resources */,
				DB491DF91F58ACC600B26BF9 /* transparenciaGris.png in Resources */,
				DB491DF41F58ACC600B26BF9 /* luchaContraC.png in Resources */,
				DBEEF5141F50B9EC003409AE /* control_social.png in Resources */,
				DB491DEC1F58ACC600B26BF9 /* barraIconos.png in Resources */,
				DB491E021F58AF7600B26BF9 /* Recurso 16.svg in Resources */,
				DB491DFB1F58ACC600B26BF9 /* youtube.png in Resources */,
				DBEEF5171F50B9EC003409AE /* fondo.png in Resources */,
				DBEEF5201F50B9EC003409AE /* transparencia.png in Resources */,
				DB491DF71F58ACC600B26BF9 /* particpacion.png in Resources */,
				DB491DF01F58ACC600B26BF9 /* controlSocialGris.png in Resources */,
				DBEEF51A1F50B9EC003409AE /* freepik.jpg in Resources */,
				D3AE59B51F632E0D00AB04D1 /* SideMenu.png in Resources */,
				DBEEF5131F50B9EC003409AE /* cabecera.jpg in Resources */,
				DBEEF51F1F50B9EC003409AE /* preguntasfrecuentes.png in Resources */,
				64A9CB771F6F56AE00694AD6 /* sharp bar item narrow.png in Resources */,
				DBEEF5191F50B9EC003409AE /* footer.jpg in Resources */,
				DB5706AF1F54CC7A00BFAF3F /* logo.png in Resources */,
				DBEEF5181F50B9EC003409AE /* fondo2.png in Resources */,
				DB491DEE1F58ACC600B26BF9 /* barraRedesSociales.png in Resources */,
				DBEEF51B1F50B9EC003409AE /* logo_youtube.png in Resources */,
				DB491DF21F58ACC600B26BF9 /* fotoMenu.png in Resources */,
				DB491DF31F58ACC600B26BF9 /* fotoTopMenu.png in Resources */,
				DB491DF51F58ACC600B26BF9 /* luchaContraCGris.png in Resources */,
				DB491E061F58AF7600B26BF9 /* Recurso 20.svg in Resources */,
				DB491E051F58AF7600B26BF9 /* Recurso 19.svg in Resources */,
				DB0053821F4F75CE00664030 /* LaunchScreen.xib in Resources */,
				DB491DEF1F58ACC600B26BF9 /* controlSocial.png in Resources */,
				64A9CB751F6F56AE00694AD6 /* bar item narrow.png in Resources */,
				DBEEF5221F50B9EC003409AE /* ubicacion_provincias.png in Resources */,
				DBEEF5241F50CF02003409AE /* noticias2.png in Resources */,
				DBEEF51C1F50B9EC003409AE /* lucha_anti_corrupcion.png in Resources */,
				DB491DFA1F58ACC600B26BF9 /* twitter.png in Resources */,
				DBEEF5151F50B9EC003409AE /* denuncias.png in Resources */,
				D3AE59B31F6327E900AB04D1 /* Cosas-Importantes.txt in Resources */,
				DB00537F1F4F75CE00664030 /* Images.xcassets in Resources */,
				DB491E031F58AF7600B26BF9 /* Recurso 17.svg in Resources */,
			);
			runOnlyForDeploymentPostprocessing = 0;
		};
		DB0053851F4F75CE00664030 /* Resources */ = {
			isa = PBXResourcesBuildPhase;
			buildActionMask = 2147483647;
			files = (
			);
			runOnlyForDeploymentPostprocessing = 0;
		};
/* End PBXResourcesBuildPhase section */

/* Begin PBXSourcesBuildPhase section */
		DB00536E1F4F75CE00664030 /* Sources */ = {
			isa = PBXSourcesBuildPhase;
			buildActionMask = 2147483647;
			files = (
				D3CCE8621F70502700C3EB23 /* EvidenciaController.swift in Sources */,
				DB58932A1F608AAA007E4726 /* menuViewController.swift in Sources */,
				DB00537A1F4F75CE00664030 /* ViewController.swift in Sources */,
				DB0053781F4F75CE00664030 /* AppDelegate.swift in Sources */,
				D39BC2231F630B4000C01340 /* Etnia.swift in Sources */,
				D32C5D531F69A8A200553FCB /* Denuncia.swift in Sources */,
				DB29FB551F5DE5310022FC70 /* FacebookController.swift in Sources */,
				D3CCE8601F702ED800C3EB23 /* DenunciadoController.swift in Sources */,
				D393D3601F632FF100519D34 /* NoticiasTabController.swift in Sources */,
				D39BC2211F6302D900C01340 /* Ciudad.swift in Sources */,
				D3D4E03B1F61D7E1004AEB67 /* ParticipacionController.swift in Sources */,
				DB0D92701F61B43900AF626B /* ConexionWS.swift in Sources */,
				D39BC2271F6310AB00C01340 /* NivelEducacion.swift in Sources */,
				D3D4E03D1F61D843004AEB67 /* ControlSocialController.swift in Sources */,
				DB0D923B1F618BE900AF626B /* DenunciasController.swift in Sources */,
				D3D4E0411F61DDE1004AEB67 /* subMenuViewController.swift in Sources */,
				D36E45111F61D73B00DDD2DB /* MessageViewController.swift in Sources */,
				D32C5D511F6989B600553FCB /* Genero.swift in Sources */,
				DBDBD6941F54CF2D00006221 /* denunciasPageViewController.swift in Sources */,
				D393D35E1F632E5C00519D34 /* TransparenciaController.swift in Sources */,
				D39BC2251F630F2300C01340 /* EstadoCivil.swift in Sources */,
				DB29FB591F5DE7730022FC70 /* YoutubeController.swift in Sources */,
				D36E450F1F61D60E00DDD2DB /* OverlayViewController.swift in Sources */,
				DBDBD6921F54B2C800006221 /* noticiasController.swift in Sources */,
				DB29FB571F5DE7400022FC70 /* TwitterController.swift in Sources */,
				DB0D926D1F61B21100AF626B /* Provincia.swift in Sources */,
			);
			runOnlyForDeploymentPostprocessing = 0;
		};
		DB0053831F4F75CE00664030 /* Sources */ = {
			isa = PBXSourcesBuildPhase;
			buildActionMask = 2147483647;
			files = (
				D3D4E03F1F61DCBA004AEB67 /* ParticipacionController.swift in Sources */,
				D3D4E03E1F61DCB5004AEB67 /* denunciasPageViewController.swift in Sources */,
				DB00538E1F4F75CE00664030 /* appCpccsTests.swift in Sources */,
			);
			runOnlyForDeploymentPostprocessing = 0;
		};
/* End PBXSourcesBuildPhase section */

/* Begin PBXTargetDependency section */
		DB0053891F4F75CE00664030 /* PBXTargetDependency */ = {
			isa = PBXTargetDependency;
			target = DB0053711F4F75CE00664030 /* appCpccs */;
			targetProxy = DB0053881F4F75CE00664030 /* PBXContainerItemProxy */;
		};
/* End PBXTargetDependency section */

/* Begin PBXVariantGroup section */
		DB00537B1F4F75CE00664030 /* Main.storyboard */ = {
			isa = PBXVariantGroup;
			children = (
				DB00537C1F4F75CE00664030 /* Base */,
			);
			name = Main.storyboard;
			sourceTree = "<group>";
		};
		DB0053801F4F75CE00664030 /* LaunchScreen.xib */ = {
			isa = PBXVariantGroup;
			children = (
				DB0053811F4F75CE00664030 /* Base */,
			);
			name = LaunchScreen.xib;
			sourceTree = "<group>";
		};
/* End PBXVariantGroup section */

/* Begin XCBuildConfiguration section */
		DB00538F1F4F75CE00664030 /* Debug */ = {
			isa = XCBuildConfiguration;
			buildSettings = {
				ALWAYS_SEARCH_USER_PATHS = NO;
				CLANG_CXX_LANGUAGE_STANDARD = "gnu++0x";
				CLANG_CXX_LIBRARY = "libc++";
				CLANG_ENABLE_MODULES = YES;
				CLANG_ENABLE_OBJC_ARC = YES;
				CLANG_WARN_BOOL_CONVERSION = YES;
				CLANG_WARN_CONSTANT_CONVERSION = YES;
				CLANG_WARN_DIRECT_OBJC_ISA_USAGE = YES_ERROR;
				CLANG_WARN_EMPTY_BODY = YES;
				CLANG_WARN_ENUM_CONVERSION = YES;
				CLANG_WARN_INT_CONVERSION = YES;
				CLANG_WARN_OBJC_ROOT_CLASS = YES_ERROR;
				CLANG_WARN_UNREACHABLE_CODE = YES;
				CLANG_WARN__DUPLICATE_METHOD_MATCH = YES;
				"CODE_SIGN_IDENTITY[sdk=iphoneos*]" = "iPhone Developer";
				COPY_PHASE_STRIP = NO;
				ENABLE_STRICT_OBJC_MSGSEND = YES;
				GCC_C_LANGUAGE_STANDARD = gnu99;
				GCC_DYNAMIC_NO_PIC = NO;
				GCC_OPTIMIZATION_LEVEL = 0;
				GCC_PREPROCESSOR_DEFINITIONS = (
					"DEBUG=1",
					"$(inherited)",
				);
				GCC_SYMBOLS_PRIVATE_EXTERN = NO;
				GCC_WARN_64_TO_32_BIT_CONVERSION = YES;
				GCC_WARN_ABOUT_RETURN_TYPE = YES_ERROR;
				GCC_WARN_UNDECLARED_SELECTOR = YES;
				GCC_WARN_UNINITIALIZED_AUTOS = YES_AGGRESSIVE;
				GCC_WARN_UNUSED_FUNCTION = YES;
				GCC_WARN_UNUSED_VARIABLE = YES;
				IPHONEOS_DEPLOYMENT_TARGET = 8.1;
				MTL_ENABLE_DEBUG_INFO = YES;
				ONLY_ACTIVE_ARCH = YES;
				SDKROOT = iphoneos;
				SWIFT_OPTIMIZATION_LEVEL = "-Onone";
			};
			name = Debug;
		};
		DB0053901F4F75CE00664030 /* Release */ = {
			isa = XCBuildConfiguration;
			buildSettings = {
				ALWAYS_SEARCH_USER_PATHS = NO;
				CLANG_CXX_LANGUAGE_STANDARD = "gnu++0x";
				CLANG_CXX_LIBRARY = "libc++";
				CLANG_ENABLE_MODULES = YES;
				CLANG_ENABLE_OBJC_ARC = YES;
				CLANG_WARN_BOOL_CONVERSION = YES;
				CLANG_WARN_CONSTANT_CONVERSION = YES;
				CLANG_WARN_DIRECT_OBJC_ISA_USAGE = YES_ERROR;
				CLANG_WARN_EMPTY_BODY = YES;
				CLANG_WARN_ENUM_CONVERSION = YES;
				CLANG_WARN_INT_CONVERSION = YES;
				CLANG_WARN_OBJC_ROOT_CLASS = YES_ERROR;
				CLANG_WARN_UNREACHABLE_CODE = YES;
				CLANG_WARN__DUPLICATE_METHOD_MATCH = YES;
				"CODE_SIGN_IDENTITY[sdk=iphoneos*]" = "iPhone Developer";
				COPY_PHASE_STRIP = YES;
				ENABLE_NS_ASSERTIONS = NO;
				ENABLE_STRICT_OBJC_MSGSEND = YES;
				GCC_C_LANGUAGE_STANDARD = gnu99;
				GCC_WARN_64_TO_32_BIT_CONVERSION = YES;
				GCC_WARN_ABOUT_RETURN_TYPE = YES_ERROR;
				GCC_WARN_UNDECLARED_SELECTOR = YES;
				GCC_WARN_UNINITIALIZED_AUTOS = YES_AGGRESSIVE;
				GCC_WARN_UNUSED_FUNCTION = YES;
				GCC_WARN_UNUSED_VARIABLE = YES;
				IPHONEOS_DEPLOYMENT_TARGET = 8.1;
				MTL_ENABLE_DEBUG_INFO = NO;
				SDKROOT = iphoneos;
				VALIDATE_PRODUCT = YES;
			};
			name = Release;
		};
		DB0053921F4F75CE00664030 /* Debug */ = {
			isa = XCBuildConfiguration;
			buildSettings = {
				ASSETCATALOG_COMPILER_APPICON_NAME = AppIcon;
				INFOPLIST_FILE = appCpccs/Info.plist;
				IPHONEOS_DEPLOYMENT_TARGET = 8.1;
				LD_RUNPATH_SEARCH_PATHS = "$(inherited) @executable_path/Frameworks";
				PRODUCT_NAME = "$(TARGET_NAME)";
			};
			name = Debug;
		};
		DB0053931F4F75CE00664030 /* Release */ = {
			isa = XCBuildConfiguration;
			buildSettings = {
				ASSETCATALOG_COMPILER_APPICON_NAME = AppIcon;
				INFOPLIST_FILE = appCpccs/Info.plist;
				IPHONEOS_DEPLOYMENT_TARGET = 8.1;
				LD_RUNPATH_SEARCH_PATHS = "$(inherited) @executable_path/Frameworks";
				PRODUCT_NAME = "$(TARGET_NAME)";
			};
			name = Release;
		};
		DB0053951F4F75CE00664030 /* Debug */ = {
			isa = XCBuildConfiguration;
			buildSettings = {
				BUNDLE_LOADER = "$(TEST_HOST)";
				FRAMEWORK_SEARCH_PATHS = (
					"$(SDKROOT)/Developer/Library/Frameworks",
					"$(inherited)",
				);
				GCC_PREPROCESSOR_DEFINITIONS = (
					"DEBUG=1",
					"$(inherited)",
				);
				INFOPLIST_FILE = appCpccsTests/Info.plist;
				LD_RUNPATH_SEARCH_PATHS = "$(inherited) @executable_path/Frameworks @loader_path/Frameworks";
				PRODUCT_NAME = "$(TARGET_NAME)";
				TEST_HOST = "$(BUILT_PRODUCTS_DIR)/appCpccs.app/appCpccs";
			};
			name = Debug;
		};
		DB0053961F4F75CE00664030 /* Release */ = {
			isa = XCBuildConfiguration;
			buildSettings = {
				BUNDLE_LOADER = "$(TEST_HOST)";
				FRAMEWORK_SEARCH_PATHS = (
					"$(SDKROOT)/Developer/Library/Frameworks",
					"$(inherited)",
				);
				INFOPLIST_FILE = appCpccsTests/Info.plist;
				LD_RUNPATH_SEARCH_PATHS = "$(inherited) @executable_path/Frameworks @loader_path/Frameworks";
				PRODUCT_NAME = "$(TARGET_NAME)";
				TEST_HOST = "$(BUILT_PRODUCTS_DIR)/appCpccs.app/appCpccs";
			};
			name = Release;
		};
/* End XCBuildConfiguration section */

/* Begin XCConfigurationList section */
		DB00536D1F4F75CE00664030 /* Build configuration list for PBXProject "appCpccs" */ = {
			isa = XCConfigurationList;
			buildConfigurations = (
				DB00538F1F4F75CE00664030 /* Debug */,
				DB0053901F4F75CE00664030 /* Release */,
			);
			defaultConfigurationIsVisible = 0;
			defaultConfigurationName = Release;
		};
		DB0053911F4F75CE00664030 /* Build configuration list for PBXNativeTarget "appCpccs" */ = {
			isa = XCConfigurationList;
			buildConfigurations = (
				DB0053921F4F75CE00664030 /* Debug */,
				DB0053931F4F75CE00664030 /* Release */,
			);
			defaultConfigurationIsVisible = 0;
			defaultConfigurationName = Release;
		};
		DB0053941F4F75CE00664030 /* Build configuration list for PBXNativeTarget "appCpccsTests" */ = {
			isa = XCConfigurationList;
			buildConfigurations = (
				DB0053951F4F75CE00664030 /* Debug */,
				DB0053961F4F75CE00664030 /* Release */,
			);
			defaultConfigurationIsVisible = 0;
			defaultConfigurationName = Release;
		};
/* End XCConfigurationList section */
	};
	rootObject = DB00536A1F4F75CE00664030 /* Project object */;
}
